// !$*UTF8*$!
{
	archiveVersion = 1;
	classes = {
	};
	objectVersion = 77;
	objects = {

/* Begin PBXContainerItemProxy section */
		61C49ED82F79EC1A002BEE01 /* PBXContainerItemProxy */ = {
			isa = PBXContainerItemProxy;
			containerPortal = 61C49EB62F79EC18002BEE01 /* Project object */;
			proxyType = 1;
			remoteGlobalIDString = 61C49EBD2F79EC18002BEE01;
			remoteInfo = TimeManagerApp;
		};
		61C49EE22F79EC1A002BEE01 /* PBXContainerItemProxy */ = {
			isa = PBXContainerItemProxy;
			containerPortal = 61C49EB62F79EC18002BEE01 /* Project object */;
			proxyType = 1;
			remoteGlobalIDString = 61C49EBD2F79EC18002BEE01;
			remoteInfo = TimeManagerApp;
		};
/* End PBXContainerItemProxy section */

/* Begin PBXFileReference section */
		61C49EBE2F79EC18002BEE01 /* TimeManagerApp.app */ = {isa = PBXFileReference; explicitFileType = wrapper.application; includeInIndex = 0; path = TimeManagerApp.app; sourceTree = BUILT_PRODUCTS_DIR; };
		61C49ED72F79EC1A002BEE01 /* TimeManagerAppTests.xctest */ = {isa = PBXFileReference; explicitFileType = wrapper.cfbundle; includeInIndex = 0; path = TimeManagerAppTests.xctest; sourceTree = BUILT_PRODUCTS_DIR; };
		61C49EE12F79EC1A002BEE01 /* TimeManagerAppUITests.xctest */ = {isa = PBXFileReference; explicitFileType = wrapper.cfbundle; includeInIndex = 0; path = TimeManagerAppUITests.xctest; sourceTree = BUILT_PRODUCTS_DIR; };
/* End PBXFileReference section */

/* Begin PBXFileSystemSynchronizedBuildFileExceptionSet section */
		61C49EE92F79EC1A002BEE01 /* Exceptions for "TimeManagerApp" folder in "TimeManagerApp" target */ = {
			isa = PBXFileSystemSynchronizedBuildFileExceptionSet;
			membershipExceptions = (
				Info.plist,
			);
			target = 61C49EBD2F79EC18002BEE01 /* TimeManagerApp */;
		};
/* End PBXFileSystemSynchronizedBuildFileExceptionSet section */

/* Begin PBXFileSystemSynchronizedRootGroup section */
		61C49EC02F79EC18002BEE01 /* TimeManagerApp */ = {
			isa = PBXFileSystemSynchronizedRootGroup;
			exceptions = (
				61C49EE92F79EC1A002BEE01 /* Exceptions for "TimeManagerApp" folder in "TimeManagerApp" target */,
			);
			path = TimeManagerApp;
			sourceTree = "<group>";
		};
		61C49EDA2F79EC1A002BEE01 /* TimeManagerAppTests */ = {
			isa = PBXFileSystemSynchronizedRootGroup;
			path = TimeManagerAppTests;
			sourceTree = "<group>";
		};
		61C49EE42F79EC1A002BEE01 /* TimeManagerAppUITests */ = {
			isa = PBXFileSystemSynchronizedRootGroup;
			path = TimeManagerAppUITests;
			sourceTree = "<group>";
		};
/* End PBXFileSystemSynchronizedRootGroup section */

/* Begin PBXFrameworksBuildPhase section */
		61C49EBB2F79EC18002BEE01 /* Frameworks */ = {
			isa = PBXFrameworksBuildPhase;
			buildActionMask = 2147483647;
			files = (
			);
			runOnlyForDeploymentPostprocessing = 0;
		};
		61C49ED42F79EC1A002BEE01 /* Frameworks */ = {
			isa = PBXFrameworksBuildPhase;
			buildActionMask = 2147483647;
			files = (
			);
			runOnlyForDeploymentPostprocessing = 0;
		};
		61C49EDE2F79EC1A002BEE01 /* Frameworks */ = {
			isa = PBXFrameworksBuildPhase;
			buildActionMask = 2147483647;
			files = (
			);
			runOnlyForDeploymentPostprocessing = 0;
		};
/* End PBXFrameworksBuildPhase section */

/* Begin PBXGroup section */
		61C49EB52F79EC18002BEE01 = {
			isa = PBXGroup;
			children = (
				61C49EC02F79EC18002BEE01 /* TimeManagerApp */,
				61C49EDA2F79EC1A002BEE01 /* TimeManagerAppTests */,
				61C49EE42F79EC1A002BEE01 /* TimeManagerAppUITests */,
				61C49EBF2F79EC18002BEE01 /* Products */,
			);
			sourceTree = "<group>";
		};
		61C49EBF2F79EC18002BEE01 /* Products */ = {
			isa = PBXGroup;
			children = (
				61C49EBE2F79EC18002BEE01 /* TimeManagerApp.app */,
				61C49ED72F79EC1A002BEE01 /* TimeManagerAppTests.xctest */,
				61C49EE12F79EC1A002BEE01 /* TimeManagerAppUITests.xctest */,
			);
			name = Products;
			sourceTree = "<group>";
		};
/* End PBXGroup section */

/* Begin PBXNativeTarget section */
		61C49EBD2F79EC18002BEE01 /* TimeManagerApp */ = {
			isa = PBXNativeTarget;
			buildConfigurationList = 61C49EEA2F79EC1A002BEE01 /* Build configuration list for PBXNativeTarget "TimeManagerApp" */;
			buildPhases = (
				61C49EBA2F79EC18002BEE01 /* Sources */,
				61C49EBB2F79EC18002BEE01 /* Frameworks */,
				61C49EBC2F79EC18002BEE01 /* Resources */,
			);
			buildRules = (
			);
			dependencies = (
			);
			fileSystemSynchronizedGroups = (
				61C49EC02F79EC18002BEE01 /* TimeManagerApp */,
			);
			name = TimeManagerApp;
			packageProductDependencies = (
			);
			productName = TimeManagerApp;
			productReference = 61C49EBE2F79EC18002BEE01 /* TimeManagerApp.app */;
			productType = "com.apple.product-type.application";
		};
		61C49ED62F79EC1A002BEE01 /* TimeManagerAppTests */ = {
			isa = PBXNativeTarget;
			buildConfigurationList = 61C49EEF2F79EC1A002BEE01 /* Build configuration list for PBXNativeTarget "TimeManagerAppTests" */;
			buildPhases = (
				61C49ED32F79EC1A002BEE01 /* Sources */,
				61C49ED42F79EC1A002BEE01 /* Frameworks */,
				61C49ED52F79EC1A002BEE01 /* Resources */,
			);
			buildRules = (
			);
			dependencies = (
				61C49ED92F79EC1A002BEE01 /* PBXTargetDependency */,
			);
			fileSystemSynchronizedGroups = (
				61C49EDA2F79EC1A002BEE01 /* TimeManagerAppTests */,
			);
			name = TimeManagerAppTests;
			packageProductDependencies = (
			);
			productName = TimeManagerAppTests;
			productReference = 61C49ED72F79EC1A002BEE01 /* TimeManagerAppTests.xctest */;
			productType = "com.apple.product-type.bundle.unit-test";
		};
		61C49EE02F79EC1A002BEE01 /* TimeManagerAppUITests */ = {
			isa = PBXNativeTarget;
			buildConfigurationList = 61C49EF22F79EC1A002BEE01 /* Build configuration list for PBXNativeTarget "TimeManagerAppUITests" */;
			buildPhases = (
				61C49EDD2F79EC1A002BEE01 /* Sources */,
				61C49EDE2F79EC1A002BEE01 /* Frameworks */,
				61C49EDF2F79EC1A002BEE01 /* Resources */,
			);
			buildRules = (
			);
			dependencies = (
				61C49EE32F79EC1A002BEE01 /* PBXTargetDependency */,
			);
			fileSystemSynchronizedGroups = (
				61C49EE42F79EC1A002BEE01 /* TimeManagerAppUITests */,
			);
			name = TimeManagerAppUITests;
			packageProductDependencies = (
			);
			productName = TimeManagerAppUITests;
			productReference = 61C49EE12F79EC1A002BEE01 /* TimeManagerAppUITests.xctest */;
			productType = "com.apple.product-type.bundle.ui-testing";
		};
/* End PBXNativeTarget section */

/* Begin PBXProject section */
		61C49EB62F79EC18002BEE01 /* Project object */ = {
			isa = PBXProject;
			attributes = {
				BuildIndependentTargetsInParallel = 1;
				LastSwiftUpdateCheck = 2620;
				LastUpgradeCheck = 2620;
				TargetAttributes = {
					61C49EBD2F79EC18002BEE01 = {
						CreatedOnToolsVersion = 26.2;
					};
					61C49ED62F79EC1A002BEE01 = {
						CreatedOnToolsVersion = 26.2;
						TestTargetID = 61C49EBD2F79EC18002BEE01;
					};
					61C49EE02F79EC1A002BEE01 = {
						CreatedOnToolsVersion = 26.2;
						TestTargetID = 61C49EBD2F79EC18002BEE01;
					};
				};
			};
			buildConfigurationList = 61C49EB92F79EC18002BEE01 /* Build configuration list for PBXProject "TimeManagerApp" */;
			developmentRegion = en;
			hasScannedForEncodings = 0;
			knownRegions = (
				en,
				Base,
			);
			mainGroup = 61C49EB52F79EC18002BEE01;
			minimizedProjectReferenceProxies = 1;
			preferredProjectObjectVersion = 77;
			productRefGroup = 61C49EBF2F79EC18002BEE01 /* Products */;
			projectDirPath = "";
			projectRoot = "";
			targets = (
				61C49EBD2F79EC18002BEE01 /* TimeManagerApp */,
				61C49ED62F79EC1A002BEE01 /* TimeManagerAppTests */,
				61C49EE02F79EC1A002BEE01 /* TimeManagerAppUITests */,
			);
		};
/* End PBXProject section */

/* Begin PBXResourcesBuildPhase section */
		61C49EBC2F79EC18002BEE01 /* Resources */ = {
			isa = PBXResourcesBuildPhase;
			buildActionMask = 2147483647;
			files = (
			);
			runOnlyForDeploymentPostprocessing = 0;
		};
		61C49ED52F79EC1A002BEE01 /* Resources */ = {
			isa = PBXResourcesBuildPhase;
			buildActionMask = 2147483647;
			files = (
			);
			runOnlyForDeploymentPostprocessing = 0;
		};
		61C49EDF2F79EC1A002BEE01 /* Resources */ = {
			isa = PBXResourcesBuildPhase;
			buildActionMask = 2147483647;
			files = (
			);
			runOnlyForDeploymentPostprocessing = 0;
		};
/* End PBXResourcesBuildPhase section */

/* Begin PBXSourcesBuildPhase section */
		61C49EBA2F79EC18002BEE01 /* Sources */ = {
			isa = PBXSourcesBuildPhase;
			buildActionMask = 2147483647;
			files = (
			);
			runOnlyForDeploymentPostprocessing = 0;
		};
		61C49ED32F79EC1A002BEE01 /* Sources */ = {
			isa = PBXSourcesBuildPhase;
			buildActionMask = 2147483647;
			files = (
			);
			runOnlyForDeploymentPostprocessing = 0;
		};
		61C49EDD2F79EC1A002BEE01 /* Sources */ = {
			isa = PBXSourcesBuildPhase;
			buildActionMask = 2147483647;
			files = (
			);
			runOnlyForDeploymentPostprocessing = 0;
		};
/* End PBXSourcesBuildPhase section */

/* Begin PBXTargetDependency section */
		61C49ED92F79EC1A002BEE01 /* PBXTargetDependency */ = {
			isa = PBXTargetDependency;
			target = 61C49EBD2F79EC18002BEE01 /* TimeManagerApp */;
			targetProxy = 61C49ED82F79EC1A002BEE01 /* PBXContainerItemProxy */;
		};
		61C49EE32F79EC1A002BEE01 /* PBXTargetDependency */ = {
			isa = PBXTargetDependency;
			target = 61C49EBD2F79EC18002BEE01 /* TimeManagerApp */;
			targetProxy = 61C49EE22F79EC1A002BEE01 /* PBXContainerItemProxy */;
		};
/* End PBXTargetDependency section */

/* Begin XCBuildConfiguration section */
		61C49EEB2F79EC1A002BEE01 /* Debug */ = {
			isa = XCBuildConfiguration;
			buildSettings = {
				ASSETCATALOG_COMPILER_APPICON_NAME = AppIcon;
				ASSETCATALOG_COMPILER_GLOBAL_ACCENT_COLOR_NAME = AccentColor;
				CODE_SIGN_STYLE = Automatic;
				CURRENT_PROJECT_VERSION = 1;
				DEVELOPMENT_TEAM = 5P2MVJMNMA;
				GENERATE_INFOPLIST_FILE = YES;
				INFOPLIST_FILE = TimeManagerApp/Info.plist;
				INFOPLIST_KEY_UIApplicationSupportsIndirectInputEvents = YES;
				INFOPLIST_KEY_UILaunchStoryboardName = LaunchScreen;
				INFOPLIST_KEY_UIMainStoryboardFile = Main;
				INFOPLIST_KEY_UISupportedInterfaceOrientations_iPad = "UIInterfaceOrientationPortrait UIInterfaceOrientationPortraitUpsideDown UIInterfaceOrientationLandscapeLeft UIInterfaceOrientationLandscapeRight";
				INFOPLIST_KEY_UISupportedInterfaceOrientations_iPhone = "UIInterfaceOrientationPortrait UIInterfaceOrientationLandscapeLeft UIInterfaceOrientationLandscapeRight";
				LD_RUNPATH_SEARCH_PATHS = (
					"$(inherited)",
					"@executable_path/Frameworks",
				);
				MARKETING_VERSION = 1.0;
				PRODUCT_BUNDLE_IDENTIFIER = com.alekseyruban.TimeManagerApp;
				PRODUCT_NAME = "$(TARGET_NAME)";
				STRING_CATALOG_GENERATE_SYMBOLS = YES;
				SWIFT_APPROACHABLE_CONCURRENCY = YES;
				SWIFT_DEFAULT_ACTOR_ISOLATION = MainActor;
				SWIFT_EMIT_LOC_STRINGS = YES;
				SWIFT_UPCOMING_FEATURE_MEMBER_IMPORT_VISIBILITY = YES;
				SWIFT_VERSION = 5.0;
				TARGETED_DEVICE_FAMILY = "1,2";
			};
			name = Debug;
		};
		61C49EEC2F79EC1A002BEE01 /* Release */ = {
			isa = XCBuildConfiguration;
			buildSettings = {
				ASSETCATALOG_COMPILER_APPICON_NAME = AppIcon;
				ASSETCATALOG_COMPILER_GLOBAL_ACCENT_COLOR_NAME = AccentColor;
				CODE_SIGN_STYLE = Automatic;
				CURRENT_PROJECT_VERSION = 1;
				DEVELOPMENT_TEAM = 5P2MVJMNMA;
				GENERATE_INFOPLIST_FILE = YES;
				INFOPLIST_FILE = TimeManagerApp/Info.plist;
				INFOPLIST_KEY_UIApplicationSupportsIndirectInputEvents = YES;
				INFOPLIST_KEY_UILaunchStoryboardName = LaunchScreen;
				INFOPLIST_KEY_UIMainStoryboardFile = Main;
				INFOPLIST_KEY_UISupportedInterfaceOrientations_iPad = "UIInterfaceOrientationPortrait UIInterfaceOrientationPortraitUpsideDown UIInterfaceOrientationLandscapeLeft UIInterfaceOrientationLandscapeRight";
				INFOPLIST_KEY_UISupportedInterfaceOrientations_iPhone = "UIInterfaceOrientationPortrait UIInterfaceOrientationLandscapeLeft UIInterfaceOrientationLandscapeRight";
				LD_RUNPATH_SEARCH_PATHS = (
					"$(inherited)",
					"@executable_path/Frameworks",
				);
				MARKETING_VERSION = 1.0;
				PRODUCT_BUNDLE_IDENTIFIER = com.alekseyruban.TimeManagerApp;
				PRODUCT_NAME = "$(TARGET_NAME)";
				STRING_CATALOG_GENERATE_SYMBOLS = YES;
				SWIFT_APPROACHABLE_CONCURRENCY = YES;
				SWIFT_DEFAULT_ACTOR_ISOLATION = MainActor;
				SWIFT_EMIT_LOC_STRINGS = YES;
				SWIFT_UPCOMING_FEATURE_MEMBER_IMPORT_VISIBILITY = YES;
				SWIFT_VERSION = 5.0;
				TARGETED_DEVICE_FAMILY = "1,2";
			};
			name = Release;
		};
		61C49EED2F79EC1A002BEE01 /* Debug */ = {
			isa = XCBuildConfiguration;
			buildSettings = {
				ALWAYS_SEARCH_USER_PATHS = NO;
				ASSETCATALOG_COMPILER_GENERATE_SWIFT_ASSET_SYMBOL_EXTENSIONS = YES;
				CLANG_ANALYZER_NONNULL = YES;
				CLANG_ANALYZER_NUMBER_OBJECT_CONVERSION = YES_AGGRESSIVE;
				CLANG_CXX_LANGUAGE_STANDARD = "gnu++20";
				CLANG_ENABLE_MODULES = YES;
				CLANG_ENABLE_OBJC_ARC = YES;
				CLANG_ENABLE_OBJC_WEAK = YES;
				CLANG_WARN_BLOCK_CAPTURE_AUTORELEASING = YES;
				CLANG_WARN_BOOL_CONVERSION = YES;
				CLANG_WARN_COMMA = YES;
				CLANG_WARN_CONSTANT_CONVERSION = YES;
				CLANG_WARN_DEPRECATED_OBJC_IMPLEMENTATIONS = YES;
				CLANG_WARN_DIRECT_OBJC_ISA_USAGE = YES_ERROR;
				CLANG_WARN_DOCUMENTATION_COMMENTS = YES;
				CLANG_WARN_EMPTY_BODY = YES;
				CLANG_WARN_ENUM_CONVERSION = YES;
				CLANG_WARN_INFINITE_RECURSION = YES;
				CLANG_WARN_INT_CONVERSION = YES;
				CLANG_WARN_NON_LITERAL_NULL_CONVERSION = YES;
				CLANG_WARN_OBJC_IMPLICIT_RETAIN_SELF = YES;
				CLANG_WARN_OBJC_LITERAL_CONVERSION = YES;
				CLANG_WARN_OBJC_ROOT_CLASS = YES_ERROR;
				CLANG_WARN_QUOTED_INCLUDE_IN_FRAMEWORK_HEADER = YES;
				CLANG_WARN_RANGE_LOOP_ANALYSIS = YES;
				CLANG_WARN_STRICT_PROTOTYPES = YES;
				CLANG_WARN_SUSPICIOUS_MOVE = YES;
				CLANG_WARN_UNGUARDED_AVAILABILITY = YES_AGGRESSIVE;
				CLANG_WARN_UNREACHABLE_CODE = YES;
				CLANG_WARN__DUPLICATE_METHOD_MATCH = YES;
				COPY_PHASE_STRIP = NO;
				DEBUG_INFORMATION_FORMAT = dwarf;
				DEVELOPMENT_TEAM = 5P2MVJMNMA;
				ENABLE_STRICT_OBJC_MSGSEND = YES;
				ENABLE_TESTABILITY = YES;
				ENABLE_USER_SCRIPT_SANDBOXING = YES;
				GCC_C_LANGUAGE_STANDARD = gnu17;
				GCC_DYNAMIC_NO_PIC = NO;
				GCC_NO_COMMON_BLOCKS = YES;
				GCC_OPTIMIZATION_LEVEL = 0;
				GCC_PREPROCESSOR_DEFINITIONS = (
					"DEBUG=1",
					"$(inherited)",
				);
				GCC_WARN_64_TO_32_BIT_CONVERSION = YES;
				GCC_WARN_ABOUT_RETURN_TYPE = YES_ERROR;
				GCC_WARN_UNDECLARED_SELECTOR = YES;
				GCC_WARN_UNINITIALIZED_AUTOS = YES_AGGRESSIVE;
				GCC_WARN_UNUSED_FUNCTION = YES;
				GCC_WARN_UNUSED_VARIABLE = YES;
				IPHONEOS_DEPLOYMENT_TARGET = 26.2;
				LOCALIZATION_PREFERS_STRING_CATALOGS = YES;
				MTL_ENABLE_DEBUG_INFO = INCLUDE_SOURCE;
				MTL_FAST_MATH = YES;
				ONLY_ACTIVE_ARCH = YES;
				SDKROOT = iphoneos;
				SWIFT_ACTIVE_COMPILATION_CONDITIONS = "DEBUG $(inherited)";
				SWIFT_OPTIMIZATION_LEVEL = "-Onone";
			};
			name = Debug;
		};
		61C49EEE2F79EC1A002BEE01 /* Release */ = {
			isa = XCBuildConfiguration;
			buildSettings = {
				ALWAYS_SEARCH_USER_PATHS = NO;
				ASSETCATALOG_COMPILER_GENERATE_SWIFT_ASSET_SYMBOL_EXTENSIONS = YES;
				CLANG_ANALYZER_NONNULL = YES;
				CLANG_ANALYZER_NUMBER_OBJECT_CONVERSION = YES_AGGRESSIVE;
				CLANG_CXX_LANGUAGE_STANDARD = "gnu++20";
				CLANG_ENABLE_MODULES = YES;
				CLANG_ENABLE_OBJC_ARC = YES;
				CLANG_ENABLE_OBJC_WEAK = YES;
				CLANG_WARN_BLOCK_CAPTURE_AUTORELEASING = YES;
				CLANG_WARN_BOOL_CONVERSION = YES;
				CLANG_WARN_COMMA = YES;
				CLANG_WARN_CONSTANT_CONVERSION = YES;
				CLANG_WARN_DEPRECATED_OBJC_IMPLEMENTATIONS = YES;
				CLANG_WARN_DIRECT_OBJC_ISA_USAGE = YES_ERROR;
				CLANG_WARN_DOCUMENTATION_COMMENTS = YES;
				CLANG_WARN_EMPTY_BODY = YES;
				CLANG_WARN_ENUM_CONVERSION = YES;
				CLANG_WARN_INFINITE_RECURSION = YES;
				CLANG_WARN_INT_CONVERSION = YES;
				CLANG_WARN_NON_LITERAL_NULL_CONVERSION = YES;
				CLANG_WARN_OBJC_IMPLICIT_RETAIN_SELF = YES;
				CLANG_WARN_OBJC_LITERAL_CONVERSION = YES;
				CLANG_WARN_OBJC_ROOT_CLASS = YES_ERROR;
				CLANG_WARN_QUOTED_INCLUDE_IN_FRAMEWORK_HEADER = YES;
				CLANG_WARN_RANGE_LOOP_ANALYSIS = YES;
				CLANG_WARN_STRICT_PROTOTYPES = YES;
				CLANG_WARN_SUSPICIOUS_MOVE = YES;
				CLANG_WARN_UNGUARDED_AVAILABILITY = YES_AGGRESSIVE;
				CLANG_WARN_UNREACHABLE_CODE = YES;
				CLANG_WARN__DUPLICATE_METHOD_MATCH = YES;
				COPY_PHASE_STRIP = NO;
				DEBUG_INFORMATION_FORMAT = "dwarf-with-dsym";
				DEVELOPMENT_TEAM = 5P2MVJMNMA;
				ENABLE_NS_ASSERTIONS = NO;
				ENABLE_STRICT_OBJC_MSGSEND = YES;
				ENABLE_USER_SCRIPT_SANDBOXING = YES;
				GCC_C_LANGUAGE_STANDARD = gnu17;
				GCC_NO_COMMON_BLOCKS = YES;
				GCC_WARN_64_TO_32_BIT_CONVERSION = YES;
				GCC_WARN_ABOUT_RETURN_TYPE = YES_ERROR;
				GCC_WARN_UNDECLARED_SELECTOR = YES;
				GCC_WARN_UNINITIALIZED_AUTOS = YES_AGGRESSIVE;
				GCC_WARN_UNUSED_FUNCTION = YES;
				GCC_WARN_UNUSED_VARIABLE = YES;
				IPHONEOS_DEPLOYMENT_TARGET = 26.2;
				LOCALIZATION_PREFERS_STRING_CATALOGS = YES;
				MTL_ENABLE_DEBUG_INFO = NO;
				MTL_FAST_MATH = YES;
				SDKROOT = iphoneos;
				SWIFT_COMPILATION_MODE = wholemodule;
				VALIDATE_PRODUCT = YES;
			};
			name = Release;
		};
		61C49EF02F79EC1A002BEE01 /* Debug */ = {
			isa = XCBuildConfiguration;
			buildSettings = {
				BUNDLE_LOADER = "$(TEST_HOST)";
				CODE_SIGN_STYLE = Automatic;
				CURRENT_PROJECT_VERSION = 1;
				DEVELOPMENT_TEAM = 5P2MVJMNMA;
				GENERATE_INFOPLIST_FILE = YES;
				IPHONEOS_DEPLOYMENT_TARGET = 26.2;
				MARKETING_VERSION = 1.0;
				PRODUCT_BUNDLE_IDENTIFIER = com.alekseyruban.TimeManagerAppTests;
				PRODUCT_NAME = "$(TARGET_NAME)";
				STRING_CATALOG_GENERATE_SYMBOLS = NO;
				SWIFT_APPROACHABLE_CONCURRENCY = YES;
				SWIFT_EMIT_LOC_STRINGS = NO;
				SWIFT_UPCOMING_FEATURE_MEMBER_IMPORT_VISIBILITY = YES;
				SWIFT_VERSION = 5.0;
				TARGETED_DEVICE_FAMILY = "1,2";
				TEST_HOST = "$(BUILT_PRODUCTS_DIR)/TimeManagerApp.app/$(BUNDLE_EXECUTABLE_FOLDER_PATH)/TimeManagerApp";
			};
			name = Debug;
		};
		61C49EF12F79EC1A002BEE01 /* Release */ = {
			isa = XCBuildConfiguration;
			buildSettings = {
				BUNDLE_LOADER = "$(TEST_HOST)";
				CODE_SIGN_STYLE = Automatic;
				CURRENT_PROJECT_VERSION = 1;
				DEVELOPMENT_TEAM = 5P2MVJMNMA;
				GENERATE_INFOPLIST_FILE = YES;
				IPHONEOS_DEPLOYMENT_TARGET = 26.2;
				MARKETING_VERSION = 1.0;
				PRODUCT_BUNDLE_IDENTIFIER = com.alekseyruban.TimeManagerAppTests;
				PRODUCT_NAME = "$(TARGET_NAME)";
				STRING_CATALOG_GENERATE_SYMBOLS = NO;
				SWIFT_APPROACHABLE_CONCURRENCY = YES;
				SWIFT_EMIT_LOC_STRINGS = NO;
				SWIFT_UPCOMING_FEATURE_MEMBER_IMPORT_VISIBILITY = YES;
				SWIFT_VERSION = 5.0;
				TARGETED_DEVICE_FAMILY = "1,2";
				TEST_HOST = "$(BUILT_PRODUCTS_DIR)/TimeManagerApp.app/$(BUNDLE_EXECUTABLE_FOLDER_PATH)/TimeManagerApp";
			};
			name = Release;
		};
		61C49EF32F79EC1A002BEE01 /* Debug */ = {
			isa = XCBuildConfiguration;
			buildSettings = {
				CODE_SIGN_STYLE = Automatic;
				CURRENT_PROJECT_VERSION = 1;
				DEVELOPMENT_TEAM = 5P2MVJMNMA;
				GENERATE_INFOPLIST_FILE = YES;
				MARKETING_VERSION = 1.0;
				PRODUCT_BUNDLE_IDENTIFIER = com.alekseyruban.TimeManagerAppUITests;
				PRODUCT_NAME = "$(TARGET_NAME)";
				STRING_CATALOG_GENERATE_SYMBOLS = NO;
				SWIFT_APPROACHABLE_CONCURRENCY = YES;
				SWIFT_EMIT_LOC_STRINGS = NO;
				SWIFT_UPCOMING_FEATURE_MEMBER_IMPORT_VISIBILITY = YES;
				SWIFT_VERSION = 5.0;
				TARGETED_DEVICE_FAMILY = "1,2";
				TEST_TARGET_NAME = TimeManagerApp;
			};
			name = Debug;
		};
		61C49EF42F79EC1A002BEE01 /* Release */ = {
			isa = XCBuildConfiguration;
			buildSettings = {
				CODE_SIGN_STYLE = Automatic;
				CURRENT_PROJECT_VERSION = 1;
				DEVELOPMENT_TEAM = 5P2MVJMNMA;
				GENERATE_INFOPLIST_FILE = YES;
				MARKETING_VERSION = 1.0;
				PRODUCT_BUNDLE_IDENTIFIER = com.alekseyruban.TimeManagerAppUITests;
				PRODUCT_NAME = "$(TARGET_NAME)";
				STRING_CATALOG_GENERATE_SYMBOLS = NO;
				SWIFT_APPROACHABLE_CONCURRENCY = YES;
				SWIFT_EMIT_LOC_STRINGS = NO;
				SWIFT_UPCOMING_FEATURE_MEMBER_IMPORT_VISIBILITY = YES;
				SWIFT_VERSION = 5.0;
				TARGETED_DEVICE_FAMILY = "1,2";
				TEST_TARGET_NAME = TimeManagerApp;
			};
			name = Release;
		};
/* End XCBuildConfiguration section */

/* Begin XCConfigurationList section */
		61C49EB92F79EC18002BEE01 /* Build configuration list for PBXProject "TimeManagerApp" */ = {
			isa = XCConfigurationList;
			buildConfigurations = (
				61C49EED2F79EC1A002BEE01 /* Debug */,
				61C49EEE2F79EC1A002BEE01 /* Release */,
			);
			defaultConfigurationIsVisible = 0;
			defaultConfigurationName = Release;
		};
		61C49EEA2F79EC1A002BEE01 /* Build configuration list for PBXNativeTarget "TimeManagerApp" */ = {
			isa = XCConfigurationList;
			buildConfigurations = (
				61C49EEB2F79EC1A002BEE01 /* Debug */,
				61C49EEC2F79EC1A002BEE01 /* Release */,
			);
			defaultConfigurationIsVisible = 0;
			defaultConfigurationName = Release;
		};
		61C49EEF2F79EC1A002BEE01 /* Build configuration list for PBXNativeTarget "TimeManagerAppTests" */ = {
			isa = XCConfigurationList;
			buildConfigurations = (
				61C49EF02F79EC1A002BEE01 /* Debug */,
				61C49EF12F79EC1A002BEE01 /* Release */,
			);
			defaultConfigurationIsVisible = 0;
			defaultConfigurationName = Release;
		};
		61C49EF22F79EC1A002BEE01 /* Build configuration list for PBXNativeTarget "TimeManagerAppUITests" */ = {
			isa = XCConfigurationList;
			buildConfigurations = (
				61C49EF32F79EC1A002BEE01 /* Debug */,
				61C49EF42F79EC1A002BEE01 /* Release */,
			);
			defaultConfigurationIsVisible = 0;
			defaultConfigurationName = Release;
		};
/* End XCConfigurationList section */
	};
	rootObject = 61C49EB62F79EC18002BEE01 /* Project object */;
}
